
Microsoft Visual Studio Solution File, Format Version 12.00
# Visual Studio 15
VisualStudioVersion = 15.0.28307.1062
MinimumVisualStudioVersion = 10.0.40219.1
Project("{FAE04EC0-301F-11D3-BF4B-00C04F79EFBC}") = "MyWPFTestApp", "MyWPFTestApp\MyWPFTestApp.csproj", "{787B20B1-7A9E-41A2-9A63-5C9BD84566A2}"
EndProject
Global
	GlobalSection(SolutionConfigurationPlatforms) = preSolution
		Debug|Any CPU = Debug|Any CPU
		Release|Any CPU = Release|Any CPU
	EndGlobalSection
	GlobalSection(ProjectConfigurationPlatforms) = postSolution
		{787B20B1-7A9E-41A2-9A63-5C9BD84566A2}.Debug|Any CPU.ActiveCfg = Debug|Any CPU
		{787B20B1-7A9E-41A2-9A63-5C9BD84566A2}.Debug|Any CPU.Build.0 = Debug|Any CPU
		{787B20B1-7A9E-41A2-9A63-5C9BD84566A2}.Release|Any CPU.ActiveCfg = Release|Any CPU
		{787B20B1-7A9E-41A2-9A63-5C9BD84566A2}.Release|Any CPU.Build.0 = Release|Any CPU
	EndGlobalSection
	GlobalSection(SolutionProperties) = preSolution
		HideSolutionNode = FALSE
	EndGlobalSection
	GlobalSection(ExtensibilityGlobals) = postSolution
		SolutionGuid = {8ACA037B-E749-4061-9CFE-82D60F4A6EE3}
	EndGlobalSection
EndGlobal
